
Microsoft Visual Studio Solution File, Format Version 12.00
# Visual Studio 14
VisualStudioVersion = 14.0.25420.1
MinimumVisualStudioVersion = 10.0.40219.1
Project("{FAE04EC0-301F-11D3-BF4B-00C04F79EFBC}") = "SiyouParkingSystem", "SiyouParkingSystem\SiyouParkingSystem.csproj", "{28E1362A-B6A5-4E08-A929-7A3D9B95E7D3}"
EndProject
Project("{FAE04EC0-301F-11D3-BF4B-00C04F79EFBC}") = "ParkingDataAccess", "ParkingDataAccess\ParkingDataAccess.csproj", "{91FA1335-7F2B-42B5-84F8-D7C9642C3938}"
EndProject
Global
	GlobalSection(SolutionConfigurationPlatforms) = preSolution
		Debug|Any CPU = Debug|Any CPU
		Release|Any CPU = Release|Any CPU
	EndGlobalSection
	GlobalSection(ProjectConfigurationPlatforms) = postSolution
		{28E1362A-B6A5-4E08-A929-7A3D9B95E7D3}.Debug|Any CPU.ActiveCfg = Debug|Any CPU
		{28E1362A-B6A5-4E08-A929-7A3D9B95E7D3}.Debug|Any CPU.Build.0 = Debug|Any CPU
		{28E1362A-B6A5-4E08-A929-7A3D9B95E7D3}.Release|Any CPU.ActiveCfg = Release|Any CPU
		{28E1362A-B6A5-4E08-A929-7A3D9B95E7D3}.Release|Any CPU.Build.0 = Release|Any CPU
		{91FA1335-7F2B-42B5-84F8-D7C9642C3938}.Debug|Any CPU.ActiveCfg = Debug|Any CPU
		{91FA1335-7F2B-42B5-84F8-D7C9642C3938}.Debug|Any CPU.Build.0 = Debug|Any CPU
		{91FA1335-7F2B-42B5-84F8-D7C9642C3938}.Release|Any CPU.ActiveCfg = Release|Any CPU
		{91FA1335-7F2B-42B5-84F8-D7C9642C3938}.Release|Any CPU.Build.0 = Release|Any CPU
	EndGlobalSection
	GlobalSection(SolutionProperties) = preSolution
		HideSolutionNode = FALSE
	EndGlobalSection
EndGlobal
